
Microsoft Visual Studio Solution File, Format Version 12.00
# Visual Studio Version 17
VisualStudioVersion = 17.4.33205.214
MinimumVisualStudioVersion = 10.0.40219.1
Project("{FAE04EC0-301F-11D3-BF4B-00C04F79EFBC}") = "ISSHAR.API", "ISSHAR.API.csproj", "{870C4637-8817-4A9A-8D73-BCD5584879E5}"
EndProject
Project("{9A19103F-16F7-4668-BE54-9A1E7A4F7556}") = "ISSHAR.Application", "..\ISSHAR.Application\ISSHAR.Application.csproj", "{D0A4419D-DFC5-49E9-8ED6-C378891BB23E}"
EndProject
Project("{9A19103F-16F7-4668-BE54-9A1E7A4F7556}") = "ISSHAR.DAL", "..\ISSHAR.DAL\ISSHAR.DAL.csproj", "{6D64D33A-1170-43C8-9074-19856E8C7EA7}"
EndProject
Global
	GlobalSection(SolutionConfigurationPlatforms) = preSolution
		Debug|Any CPU = Debug|Any CPU
		Release|Any CPU = Release|Any CPU
	EndGlobalSection
	GlobalSection(ProjectConfigurationPlatforms) = postSolution
		{870C4637-8817-4A9A-8D73-BCD5584879E5}.Debug|Any CPU.ActiveCfg = Debug|Any CPU
		{870C4637-8817-4A9A-8D73-BCD5584879E5}.Debug|Any CPU.Build.0 = Debug|Any CPU
		{870C4637-8817-4A9A-8D73-BCD5584879E5}.Release|Any CPU.ActiveCfg = Release|Any CPU
		{870C4637-8817-4A9A-8D73-BCD5584879E5}.Release|Any CPU.Build.0 = Release|Any CPU
		{D0A4419D-DFC5-49E9-8ED6-C378891BB23E}.Debug|Any CPU.ActiveCfg = Debug|Any CPU
		{D0A4419D-DFC5-49E9-8ED6-C378891BB23E}.Debug|Any CPU.Build.0 = Debug|Any CPU
		{D0A4419D-DFC5-49E9-8ED6-C378891BB23E}.Release|Any CPU.ActiveCfg = Release|Any CPU
		{D0A4419D-DFC5-49E9-8ED6-C378891BB23E}.Release|Any CPU.Build.0 = Release|Any CPU
		{6D64D33A-1170-43C8-9074-19856E8C7EA7}.Debug|Any CPU.ActiveCfg = Debug|Any CPU
		{6D64D33A-1170-43C8-9074-19856E8C7EA7}.Debug|Any CPU.Build.0 = Debug|Any CPU
		{6D64D33A-1170-43C8-9074-19856E8C7EA7}.Release|Any CPU.ActiveCfg = Release|Any CPU
		{6D64D33A-1170-43C8-9074-19856E8C7EA7}.Release|Any CPU.Build.0 = Release|Any CPU
	EndGlobalSection
	GlobalSection(SolutionProperties) = preSolution
		HideSolutionNode = FALSE
	EndGlobalSection
	GlobalSection(ExtensibilityGlobals) = postSolution
		SolutionGuid = {DD0DF34D-1BCA-4146-8F20-B5CA728C0B9B}
	EndGlobalSection
EndGlobal
